// !$*UTF8*$!
{
	archiveVersion = 1;
	classes = {
	};
	objectVersion = 48;
	objects = {

/* Begin PBXBuildFile section */
		18DC64E11FBDCCF300DD13F1 /* AppDelegate.swift in Sources */ = {isa = PBXBuildFile; fileRef = 18DC64E01FBDCCF300DD13F1 /* AppDelegate.swift */; };
		18DC64E31FBDCCF300DD13F1 /* IntroductionViewController.swift in Sources */ = {isa = PBXBuildFile; fileRef = 18DC64E21FBDCCF300DD13F1 /* IntroductionViewController.swift */; };
		18DC64E61FBDCCF300DD13F1 /* Main.storyboard in Resources */ = {isa = PBXBuildFile; fileRef = 18DC64E41FBDCCF300DD13F1 /* Main.storyboard */; };
		18DC64E81FBDCCF300DD13F1 /* Assets.xcassets in Resources */ = {isa = PBXBuildFile; fileRef = 18DC64E71FBDCCF300DD13F1 /* Assets.xcassets */; };
		18DC64EB1FBDCCF300DD13F1 /* LaunchScreen.storyboard in Resources */ = {isa = PBXBuildFile; fileRef = 18DC64E91FBDCCF300DD13F1 /* LaunchScreen.storyboard */; };
		18DC64F31FBDDC3E00DD13F1 /* QuestionViewController.swift in Sources */ = {isa = PBXBuildFile; fileRef = 18DC64F21FBDDC3E00DD13F1 /* QuestionViewController.swift */; };
		18DC64F51FBDDC8F00DD13F1 /* ResultsViewController.swift in Sources */ = {isa = PBXBuildFile; fileRef = 18DC64F41FBDDC8F00DD13F1 /* ResultsViewController.swift */; };
		18DC64F71FBDE80D00DD13F1 /* QuestionData.swift in Sources */ = {isa = PBXBuildFile; fileRef = 18DC64F61FBDE80D00DD13F1 /* QuestionData.swift */; };
/* End PBXBuildFile section */

/* Begin PBXFileReference section */
		18DC64DD1FBDCCF300DD13F1 /* PersonalityQuiz.app */ = {isa = PBXFileReference; explicitFileType = wrapper.application; includeInIndex = 0; path = PersonalityQuiz.app; sourceTree = BUILT_PRODUCTS_DIR; };
		18DC64E01FBDCCF300DD13F1 /* AppDelegate.swift */ = {isa = PBXFileReference; lastKnownFileType = sourcecode.swift; path = AppDelegate.swift; sourceTree = "<group>"; };
		18DC64E21FBDCCF300DD13F1 /* IntroductionViewController.swift */ = {isa = PBXFileReference; lastKnownFileType = sourcecode.swift; path = IntroductionViewController.swift; sourceTree = "<group>"; };
		18DC64E51FBDCCF300DD13F1 /* Base */ = {isa = PBXFileReference; lastKnownFileType = file.storyboard; name = Base; path = Base.lproj/Main.storyboard; sourceTree = "<group>"; };
		18DC64E71FBDCCF300DD13F1 /* Assets.xcassets */ = {isa = PBXFileReference; lastKnownFileType = folder.assetcatalog; path = Assets.xcassets; sourceTree = "<group>"; };
		18DC64EA1FBDCCF300DD13F1 /* Base */ = {isa = PBXFileReference; lastKnownFileType = file.storyboard; name = Base; path = Base.lproj/LaunchScreen.storyboard; sourceTree = "<group>"; };
		18DC64EC1FBDCCF300DD13F1 /* Info.plist */ = {isa = PBXFileReference; lastKnownFileType = text.plist.xml; path = Info.plist; sourceTree = "<group>"; };
		18DC64F21FBDDC3E00DD13F1 /* QuestionViewController.swift */ = {isa = PBXFileReference; lastKnownFileType = sourcecode.swift; path = QuestionViewController.swift; sourceTree = "<group>"; };
		18DC64F41FBDDC8F00DD13F1 /* ResultsViewController.swift */ = {isa = PBXFileReference; lastKnownFileType = sourcecode.swift; path = ResultsViewController.swift; sourceTree = "<group>"; };
		18DC64F61FBDE80D00DD13F1 /* QuestionData.swift */ = {isa = PBXFileReference; lastKnownFileType = sourcecode.swift; path = QuestionData.swift; sourceTree = "<group>"; };
/* End PBXFileReference section */

/* Begin PBXFrameworksBuildPhase section */
		18DC64DA1FBDCCF300DD13F1 /* Frameworks */ = {
			isa = PBXFrameworksBuildPhase;
			buildActionMask = 2147483647;
			files = (
			);
			runOnlyForDeploymentPostprocessing = 0;
		};
/* End PBXFrameworksBuildPhase section */

/* Begin PBXGroup section */
		18DC64D41FBDCCF300DD13F1 = {
			isa = PBXGroup;
			children = (
				18DC64DF1FBDCCF300DD13F1 /* PersonalityQuiz */,
				18DC64DE1FBDCCF300DD13F1 /* Products */,
			);
			sourceTree = "<group>";
		};
		18DC64DE1FBDCCF300DD13F1 /* Products */ = {
			isa = PBXGroup;
			children = (
				18DC64DD1FBDCCF300DD13F1 /* PersonalityQuiz.app */,
			);
			name = Products;
			sourceTree = "<group>";
		};
		18DC64DF1FBDCCF300DD13F1 /* PersonalityQuiz */ = {
			isa = PBXGroup;
			children = (
				18DC64E01FBDCCF300DD13F1 /* AppDelegate.swift */,
				18DC64E21FBDCCF300DD13F1 /* IntroductionViewController.swift */,
				18DC64E41FBDCCF300DD13F1 /* Main.storyboard */,
				18DC64F61FBDE80D00DD13F1 /* QuestionData.swift */,
				18DC64F21FBDDC3E00DD13F1 /* QuestionViewController.swift */,
				18DC64F41FBDDC8F00DD13F1 /* ResultsViewController.swift */,
				18DC64E71FBDCCF300DD13F1 /* Assets.xcassets */,
				18DC64E91FBDCCF300DD13F1 /* LaunchScreen.storyboard */,
				18DC64EC1FBDCCF300DD13F1 /* Info.plist */,
			);
			path = PersonalityQuiz;
			sourceTree = "<group>";
		};
/* End PBXGroup section */

/* Begin PBXNativeTarget section */
		18DC64DC1FBDCCF300DD13F1 /* PersonalityQuiz */ = {
			isa = PBXNativeTarget;
			buildConfigurationList = 18DC64EF1FBDCCF300DD13F1 /* Build configuration list for PBXNativeTarget "PersonalityQuiz" */;
			buildPhases = (
				18DC64D91FBDCCF300DD13F1 /* Sources */,
				18DC64DA1FBDCCF300DD13F1 /* Frameworks */,
				18DC64DB1FBDCCF300DD13F1 /* Resources */,
			);
			buildRules = (
			);
			dependencies = (
			);
			name = PersonalityQuiz;
			productName = PersonalityQuiz;
			productReference = 18DC64DD1FBDCCF300DD13F1 /* PersonalityQuiz.app */;
			productType = "com.apple.product-type.application";
		};
/* End PBXNativeTarget section */

/* Begin PBXProject section */
		18DC64D51FBDCCF300DD13F1 /* Project object */ = {
			isa = PBXProject;
			attributes = {
				LastSwiftUpdateCheck = 0910;
				LastUpgradeCheck = 0910;
				TargetAttributes = {
					18DC64DC1FBDCCF300DD13F1 = {
						CreatedOnToolsVersion = 9.1;
						ProvisioningStyle = Automatic;
					};
				};
			};
			buildConfigurationList = 18DC64D81FBDCCF300DD13F1 /* Build configuration list for PBXProject "PersonalityQuiz" */;
			compatibilityVersion = "Xcode 8.0";
			developmentRegion = en;
			hasScannedForEncodings = 0;
			knownRegions = (
				en,
				Base,
			);
			mainGroup = 18DC64D41FBDCCF300DD13F1;
			productRefGroup = 18DC64DE1FBDCCF300DD13F1 /* Products */;
			projectDirPath = "";
			projectRoot = "";
			targets = (
				18DC64DC1FBDCCF300DD13F1 /* PersonalityQuiz */,
			);
		};
/* End PBXProject section */

/* Begin PBXResourcesBuildPhase section */
		18DC64DB1FBDCCF300DD13F1 /* Resources */ = {
			isa = PBXResourcesBuildPhase;
			buildActionMask = 2147483647;
			files = (
				18DC64EB1FBDCCF300DD13F1 /* LaunchScreen.storyboard in Resources */,
				18DC64E81FBDCCF300DD13F1 /* Assets.xcassets in Resources */,
				18DC64E61FBDCCF300DD13F1 /* Main.storyboard in Resources */,
			);
			runOnlyForDeploymentPostprocessing = 0;
		};
/* End PBXResourcesBuildPhase section */

/* Begin PBXSourcesBuildPhase section */
		18DC64D91FBDCCF300DD13F1 /* Sources */ = {
			isa = PBXSourcesBuildPhase;
			buildActionMask = 2147483647;
			files = (
				18DC64E31FBDCCF300DD13F1 /* IntroductionViewController.swift in Sources */,
				18DC64E11FBDCCF300DD13F1 /* AppDelegate.swift in Sources */,
				18DC64F71FBDE80D00DD13F1 /* QuestionData.swift in Sources */,
				18DC64F31FBDDC3E00DD13F1 /* QuestionViewController.swift in Sources */,
				18DC64F51FBDDC8F00DD13F1 /* ResultsViewController.swift in Sources */,
			);
			runOnlyForDeploymentPostprocessing = 0;
		};
/* End PBXSourcesBuildPhase section */

/* Begin PBXVariantGroup section */
		18DC64E41FBDCCF300DD13F1 /* Main.storyboard */ = {
			isa = PBXVariantGroup;
			children = (
				18DC64E51FBDCCF300DD13F1 /* Base */,
			);
			name = Main.storyboard;
			sourceTree = "<group>";
		};
		18DC64E91FBDCCF300DD13F1 /* LaunchScreen.storyboard */ = {
			isa = PBXVariantGroup;
			children = (
				18DC64EA1FBDCCF300DD13F1 /* Base */,
			);
			name = LaunchScreen.storyboard;
			sourceTree = "<group>";
		};
/* End PBXVariantGroup section */

/* Begin XCBuildConfiguration section */
		18DC64ED1FBDCCF300DD13F1 /* Debug */ = {
			isa = XCBuildConfiguration;
			buildSettings = {
				ALWAYS_SEARCH_USER_PATHS = NO;
				CLANG_ANALYZER_NONNULL = YES;
				CLANG_ANALYZER_NUMBER_OBJECT_CONVERSION = YES_AGGRESSIVE;
				CLANG_CXX_LANGUAGE_STANDARD = "gnu++14";
				CLANG_CXX_LIBRARY = "libc++";
				CLANG_ENABLE_MODULES = YES;
				CLANG_ENABLE_OBJC_ARC = YES;
				CLANG_WARN_BLOCK_CAPTURE_AUTORELEASING = YES;
				CLANG_WARN_BOOL_CONVERSION = YES;
				CLANG_WARN_COMMA = YES;
				CLANG_WARN_CONSTANT_CONVERSION = YES;
				CLANG_WARN_DIRECT_OBJC_ISA_USAGE = YES_ERROR;
				CLANG_WARN_DOCUMENTATION_COMMENTS = YES;
				CLANG_WARN_EMPTY_BODY = YES;
				CLANG_WARN_ENUM_CONVERSION = YES;
				CLANG_WARN_INFINITE_RECURSION = YES;
				CLANG_WARN_INT_CONVERSION = YES;
				CLANG_WARN_NON_LITERAL_NULL_CONVERSION = YES;
				CLANG_WARN_OBJC_LITERAL_CONVERSION = YES;
				CLANG_WARN_OBJC_ROOT_CLASS = YES_ERROR;
				CLANG_WARN_RANGE_LOOP_ANALYSIS = YES;
				CLANG_WARN_STRICT_PROTOTYPES = YES;
				CLANG_WARN_SUSPICIOUS_MOVE = YES;
				CLANG_WARN_UNGUARDED_AVAILABILITY = YES_AGGRESSIVE;
				CLANG_WARN_UNREACHABLE_CODE = YES;
				CLANG_WARN__DUPLICATE_METHOD_MATCH = YES;
				CODE_SIGN_IDENTITY = "iPhone Developer";
				COPY_PHASE_STRIP = NO;
				DEBUG_INFORMATION_FORMAT = dwarf;
				ENABLE_STRICT_OBJC_MSGSEND = YES;
				ENABLE_TESTABILITY = YES;
				GCC_C_LANGUAGE_STANDARD = gnu11;
				GCC_DYNAMIC_NO_PIC = NO;
				GCC_NO_COMMON_BLOCKS = YES;
				GCC_OPTIMIZATION_LEVEL = 0;
				GCC_PREPROCESSOR_DEFINITIONS = (
					"DEBUG=1",
					"$(inherited)",
				);
				GCC_WARN_64_TO_32_BIT_CONVERSION = YES;
				GCC_WARN_ABOUT_RETURN_TYPE = YES_ERROR;
				GCC_WARN_UNDECLARED_SELECTOR = YES;
				GCC_WARN_UNINITIALIZED_AUTOS = YES_AGGRESSIVE;
				GCC_WARN_UNUSED_FUNCTION = YES;
				GCC_WARN_UNUSED_VARIABLE = YES;
				IPHONEOS_DEPLOYMENT_TARGET = 11.1;
				MTL_ENABLE_DEBUG_INFO = YES;
				ONLY_ACTIVE_ARCH = YES;
				SDKROOT = iphoneos;
				SWIFT_ACTIVE_COMPILATION_CONDITIONS = DEBUG;
				SWIFT_OPTIMIZATION_LEVEL = "-Onone";
			};
			name = Debug;
		};
		18DC64EE1FBDCCF300DD13F1 /* Release */ = {
			isa = XCBuildConfiguration;
			buildSettings = {
				ALWAYS_SEARCH_USER_PATHS = NO;
				CLANG_ANALYZER_NONNULL = YES;
				CLANG_ANALYZER_NUMBER_OBJECT_CONVERSION = YES_AGGRESSIVE;
				CLANG_CXX_LANGUAGE_STANDARD = "gnu++14";
				CLANG_CXX_LIBRARY = "libc++";
				CLANG_ENABLE_MODULES = YES;
				CLANG_ENABLE_OBJC_ARC = YES;
				CLANG_WARN_BLOCK_CAPTURE_AUTORELEASING = YES;
				CLANG_WARN_BOOL_CONVERSION = YES;
				CLANG_WARN_COMMA = YES;
				CLANG_WARN_CONSTANT_CONVERSION = YES;
				CLANG_WARN_DIRECT_OBJC_ISA_USAGE = YES_ERROR;
				CLANG_WARN_DOCUMENTATION_COMMENTS = YES;
				CLANG_WARN_EMPTY_BODY = YES;
				CLANG_WARN_ENUM_CONVERSION = YES;
				CLANG_WARN_INFINITE_RECURSION = YES;
				CLANG_WARN_INT_CONVERSION = YES;
				CLANG_WARN_NON_LITERAL_NULL_CONVERSION = YES;
				CLANG_WARN_OBJC_LITERAL_CONVERSION = YES;
				CLANG_WARN_OBJC_ROOT_CLASS = YES_ERROR;
				CLANG_WARN_RANGE_LOOP_ANALYSIS = YES;
				CLANG_WARN_STRICT_PROTOTYPES = YES;
				CLANG_WARN_SUSPICIOUS_MOVE = YES;
				CLANG_WARN_UNGUARDED_AVAILABILITY = YES_AGGRESSIVE;
				CLANG_WARN_UNREACHABLE_CODE = YES;
				CLANG_WARN__DUPLICATE_METHOD_MATCH = YES;
				CODE_SIGN_IDENTITY = "iPhone Developer";
				COPY_PHASE_STRIP = NO;
				DEBUG_INFORMATION_FORMAT = "dwarf-with-dsym";
				ENABLE_NS_ASSERTIONS = NO;
				ENABLE_STRICT_OBJC_MSGSEND = YES;
				GCC_C_LANGUAGE_STANDARD = gnu11;
				GCC_NO_COMMON_BLOCKS = YES;
				GCC_WARN_64_TO_32_BIT_CONVERSION = YES;
				GCC_WARN_ABOUT_RETURN_TYPE = YES_ERROR;
				GCC_WARN_UNDECLARED_SELECTOR = YES;
				GCC_WARN_UNINITIALIZED_AUTOS = YES_AGGRESSIVE;
				GCC_WARN_UNUSED_FUNCTION = YES;
				GCC_WARN_UNUSED_VARIABLE = YES;
				IPHONEOS_DEPLOYMENT_TARGET = 11.1;
				MTL_ENABLE_DEBUG_INFO = NO;
				SDKROOT = iphoneos;
				SWIFT_OPTIMIZATION_LEVEL = "-Owholemodule";
				VALIDATE_PRODUCT = YES;
			};
			name = Release;
		};
		18DC64F01FBDCCF300DD13F1 /* Debug */ = {
			isa = XCBuildConfiguration;
			buildSettings = {
				ASSETCATALOG_COMPILER_APPICON_NAME = AppIcon;
				CODE_SIGN_STYLE = Automatic;
				DEVELOPMENT_TEAM = TS7KSAC4XR;
				INFOPLIST_FILE = PersonalityQuiz/Info.plist;
				IPHONEOS_DEPLOYMENT_TARGET = 11.1;
				LD_RUNPATH_SEARCH_PATHS = "$(inherited) @executable_path/Frameworks";
				PRODUCT_BUNDLE_IDENTIFIER = com.example.PersonalityQuizBob;
				PRODUCT_NAME = "$(TARGET_NAME)";
				SWIFT_VERSION = 4.0;
				TARGETED_DEVICE_FAMILY = "1,2";
			};
			name = Debug;
		};
		18DC64F11FBDCCF300DD13F1 /* Release */ = {
			isa = XCBuildConfiguration;
			buildSettings = {
				ASSETCATALOG_COMPILER_APPICON_NAME = AppIcon;
				CODE_SIGN_STYLE = Automatic;
				DEVELOPMENT_TEAM = TS7KSAC4XR;
				INFOPLIST_FILE = PersonalityQuiz/Info.plist;
				IPHONEOS_DEPLOYMENT_TARGET = 11.1;
				LD_RUNPATH_SEARCH_PATHS = "$(inherited) @executable_path/Frameworks";
				PRODUCT_BUNDLE_IDENTIFIER = com.example.PersonalityQuizBob;
				PRODUCT_NAME = "$(TARGET_NAME)";
				SWIFT_VERSION = 4.0;
				TARGETED_DEVICE_FAMILY = "1,2";
			};
			name = Release;
		};
/* End XCBuildConfiguration section */

/* Begin XCConfigurationList section */
		18DC64D81FBDCCF300DD13F1 /* Build configuration list for PBXProject "PersonalityQuiz" */ = {
			isa = XCConfigurationList;
			buildConfigurations = (
				18DC64ED1FBDCCF300DD13F1 /* Debug */,
				18DC64EE1FBDCCF300DD13F1 /* Release */,
			);
			defaultConfigurationIsVisible = 0;
			defaultConfigurationName = Release;
		};
		18DC64EF1FBDCCF300DD13F1 /* Build configuration list for PBXNativeTarget "PersonalityQuiz" */ = {
			isa = XCConfigurationList;
			buildConfigurations = (
				18DC64F01FBDCCF300DD13F1 /* Debug */,
				18DC64F11FBDCCF300DD13F1 /* Release */,
			);
			defaultConfigurationIsVisible = 0;
			defaultConfigurationName = Release;
		};
/* End XCConfigurationList section */
	};
	rootObject = 18DC64D51FBDCCF300DD13F1 /* Project object */;
}
